Microsoft Visual Studio Solution File, Format Version 12.00
# Visual Studio Version 17
VisualStudioVersion = 17.5.2.0
MinimumVisualStudioVersion = 10.0.40219.1
Project("{FAE04EC0-301F-11D3-BF4B-00C04F79EFBC}") = "Curso-C#", "Curso-C#.csproj", "{948A4FA2-C3E2-5E84-C70E-60F6928C6336}"
EndProject
Global
	GlobalSection(SolutionConfigurationPlatforms) = preSolution
		Debug|Any CPU = Debug|Any CPU
		Release|Any CPU = Release|Any CPU
	EndGlobalSection
	GlobalSection(ProjectConfigurationPlatforms) = postSolution
		{948A4FA2-C3E2-5E84-C70E-60F6928C6336}.Debug|Any CPU.ActiveCfg = Debug|Any CPU
		{948A4FA2-C3E2-5E84-C70E-60F6928C6336}.Debug|Any CPU.Build.0 = Debug|Any CPU
		{948A4FA2-C3E2-5E84-C70E-60F6928C6336}.Release|Any CPU.ActiveCfg = Release|Any CPU
		{948A4FA2-C3E2-5E84-C70E-60F6928C6336}.Release|Any CPU.Build.0 = Release|Any CPU
	EndGlobalSection
	GlobalSection(SolutionProperties) = preSolution
		HideSolutionNode = FALSE
	EndGlobalSection
	GlobalSection(ExtensibilityGlobals) = postSolution
		SolutionGuid = {7584AE77-A508-4A77-B76A-44037F4A85DA}
	EndGlobalSection
EndGlobal
